<Solution>
  <Project Path="VIM Revit Custom Exporter/Custom.Exporter/Custom.Exporter.v2020.csproj" />
  <Project Path="VIM Revit Custom Exporter/Custom.Exporter/Custom.Exporter.v2021.csproj" />
  <Project Path="VIM Revit Custom Exporter/Custom.Exporter/Custom.Exporter.v2022.csproj" />
  <Project Path="VIM Revit Custom Exporter/Custom.Exporter/Custom.Exporter.v2023.csproj" />
  <Project Path="VIM Revit Custom Exporter/Custom.Exporter/Custom.Exporter.v2024.csproj" />
  <Project Path="VIM Revit Custom Exporter/Custom.Exporter/Custom.Exporter.v2025.csproj" />
  <Project Path="VIM Revit Custom Exporter/Custom.Exporter/Custom.Exporter.v2026.csproj" />
  <Project Path="VIM Revit Custom Exporter/Custom.Exporter/Custom.Exporter.v2027.csproj" />
</Solution>
